
Microsoft Visual Studio Solution File, Format Version 12.00
# Visual Studio Version 17
VisualStudioVersion = 17.5.33530.505
MinimumVisualStudioVersion = 10.0.40219.1
Project("{FAE04EC0-301F-11D3-BF4B-00C04F79EFBC}") = "TemplateSetupTask", "TemplateSetupTask.csproj", "{EF97D26D-3F1A-4B7E-BC3D-AE7C676502A4}"
EndProject
Global
	GlobalSection(SolutionConfigurationPlatforms) = preSolution
		Debug|Any CPU = Debug|Any CPU
		Release|Any CPU = Release|Any CPU
	EndGlobalSection
	GlobalSection(ProjectConfigurationPlatforms) = postSolution
		{EF97D26D-3F1A-4B7E-BC3D-AE7C676502A4}.Debug|Any CPU.ActiveCfg = Debug|Any CPU
		{EF97D26D-3F1A-4B7E-BC3D-AE7C676502A4}.Debug|Any CPU.Build.0 = Debug|Any CPU
		{EF97D26D-3F1A-4B7E-BC3D-AE7C676502A4}.Release|Any CPU.ActiveCfg = Release|Any CPU
		{EF97D26D-3F1A-4B7E-BC3D-AE7C676502A4}.Release|Any CPU.Build.0 = Release|Any CPU
	EndGlobalSection
	GlobalSection(SolutionProperties) = preSolution
		HideSolutionNode = FALSE
	EndGlobalSection
	GlobalSection(ExtensibilityGlobals) = postSolution
		SolutionGuid = {0B7B0331-4341-486E-9A9A-AA7232A3AF8A}
	EndGlobalSection
EndGlobal
